// !$*UTF8*$!
{
	archiveVersion = 1;
	classes = {
	};
	objectVersion = 42;
	objects = {

/* Begin PBXBuildFile section */
		8B4119230749635800361ABE /* PScope.r in Rez */ = {isa = PBXBuildFile; fileRef = 8BA05A680720730100365D66 /* PScope.r */; };
		8B43D4AB073C1138003F6C3C /* PScopeView.h in Headers */ = {isa = PBXBuildFile; fileRef = 8B43D4A9073C1138003F6C3C /* PScopeView.h */; };
		8B43D4AC073C1138003F6C3C /* PScopeView.cpp in Sources */ = {isa = PBXBuildFile; fileRef = 8B43D4AA073C1138003F6C3C /* PScopeView.cpp */; };
		8BA05A6B0720730100365D66 /* PScope.cpp in Sources */ = {isa = PBXBuildFile; fileRef = 8BA05A660720730100365D66 /* PScope.cpp */; };
		8BA05A6E0720730100365D66 /* PScopeVersion.h in Headers */ = {isa = PBXBuildFile; fileRef = 8BA05A690720730100365D66 /* PScopeVersion.h */; };
		8BA05AAE072073D300365D66 /* AUBase.cpp in Sources */ = {isa = PBXBuildFile; fileRef = 8BA05A7F072073D200365D66 /* AUBase.cpp */; };
		8BA05AAF072073D300365D66 /* AUBase.h in Headers */ = {isa = PBXBuildFile; fileRef = 8BA05A80072073D200365D66 /* AUBase.h */; };
		8BA05AB0072073D300365D66 /* AUDispatch.cpp in Sources */ = {isa = PBXBuildFile; fileRef = 8BA05A81072073D200365D66 /* AUDispatch.cpp */; };
		8BA05AB1072073D300365D66 /* AUDispatch.h in Headers */ = {isa = PBXBuildFile; fileRef = 8BA05A82072073D200365D66 /* AUDispatch.h */; };
		8BA05AB2072073D300365D66 /* AUInputElement.cpp in Sources */ = {isa = PBXBuildFile; fileRef = 8BA05A83072073D200365D66 /* AUInputElement.cpp */; };
		8BA05AB3072073D300365D66 /* AUInputElement.h in Headers */ = {isa = PBXBuildFile; fileRef = 8BA05A84072073D200365D66 /* AUInputElement.h */; };
		8BA05AB4072073D300365D66 /* AUOutputElement.cpp in Sources */ = {isa = PBXBuildFile; fileRef = 8BA05A85072073D200365D66 /* AUOutputElement.cpp */; };
		8BA05AB5072073D300365D66 /* AUOutputElement.h in Headers */ = {isa = PBXBuildFile; fileRef = 8BA05A86072073D200365D66 /* AUOutputElement.h */; };
		8BA05AB7072073D300365D66 /* AUScopeElement.cpp in Sources */ = {isa = PBXBuildFile; fileRef = 8BA05A88072073D200365D66 /* AUScopeElement.cpp */; };
		8BA05AB8072073D300365D66 /* AUScopeElement.h in Headers */ = {isa = PBXBuildFile; fileRef = 8BA05A89072073D200365D66 /* AUScopeElement.h */; };
		8BA05AB9072073D300365D66 /* ComponentBase.cpp in Sources */ = {isa = PBXBuildFile; fileRef = 8BA05A8A072073D200365D66 /* ComponentBase.cpp */; };
		8BA05ABA072073D300365D66 /* ComponentBase.h in Headers */ = {isa = PBXBuildFile; fileRef = 8BA05A8B072073D200365D66 /* ComponentBase.h */; };
		8BA05ABB072073D300365D66 /* AUCarbonViewBase.cpp in Sources */ = {isa = PBXBuildFile; fileRef = 8BA05A8D072073D200365D66 /* AUCarbonViewBase.cpp */; };
		8BA05ABC072073D300365D66 /* AUCarbonViewBase.h in Headers */ = {isa = PBXBuildFile; fileRef = 8BA05A8E072073D200365D66 /* AUCarbonViewBase.h */; };
		8BA05ABD072073D300365D66 /* AUCarbonViewControl.cpp in Sources */ = {isa = PBXBuildFile; fileRef = 8BA05A8F072073D200365D66 /* AUCarbonViewControl.cpp */; };
		8BA05ABE072073D300365D66 /* AUCarbonViewControl.h in Headers */ = {isa = PBXBuildFile; fileRef = 8BA05A90072073D200365D66 /* AUCarbonViewControl.h */; };
		8BA05ABF072073D300365D66 /* AUCarbonViewDispatch.cpp in Sources */ = {isa = PBXBuildFile; fileRef = 8BA05A91072073D200365D66 /* AUCarbonViewDispatch.cpp */; };
		8BA05AC0072073D300365D66 /* AUControlGroup.cpp in Sources */ = {isa = PBXBuildFile; fileRef = 8BA05A92072073D200365D66 /* AUControlGroup.cpp */; };
		8BA05AC1072073D300365D66 /* AUControlGroup.h in Headers */ = {isa = PBXBuildFile; fileRef = 8BA05A93072073D200365D66 /* AUControlGroup.h */; };
		8BA05AC2072073D300365D66 /* CarbonEventHandler.cpp in Sources */ = {isa = PBXBuildFile; fileRef = 8BA05A94072073D200365D66 /* CarbonEventHandler.cpp */; };
		8BA05AC3072073D300365D66 /* CarbonEventHandler.h in Headers */ = {isa = PBXBuildFile; fileRef = 8BA05A95072073D200365D66 /* CarbonEventHandler.h */; };
		8BA05AC5072073D300365D66 /* AUViewLocalizedStringKeys.h in Headers */ = {isa = PBXBuildFile; fileRef = 8BA05A98072073D200365D66 /* AUViewLocalizedStringKeys.h */; };
		8BA05AC6072073D300365D66 /* AUEffectBase.cpp in Sources */ = {isa = PBXBuildFile; fileRef = 8BA05A9A072073D200365D66 /* AUEffectBase.cpp */; };
		8BA05AC7072073D300365D66 /* AUEffectBase.h in Headers */ = {isa = PBXBuildFile; fileRef = 8BA05A9B072073D200365D66 /* AUEffectBase.h */; };
		8BA05AD2072073D300365D66 /* AUBuffer.cpp in Sources */ = {isa = PBXBuildFile; fileRef = 8BA05AA7072073D200365D66 /* AUBuffer.cpp */; };
		8BA05AD3072073D300365D66 /* AUBuffer.h in Headers */ = {isa = PBXBuildFile; fileRef = 8BA05AA8072073D200365D66 /* AUBuffer.h */; };
		8BA05AD4072073D300365D66 /* AUDebugDispatcher.cpp in Sources */ = {isa = PBXBuildFile; fileRef = 8BA05AA9072073D200365D66 /* AUDebugDispatcher.cpp */; };
		8BA05AD5072073D300365D66 /* AUDebugDispatcher.h in Headers */ = {isa = PBXBuildFile; fileRef = 8BA05AAA072073D200365D66 /* AUDebugDispatcher.h */; };
		8BA05AD6072073D300365D66 /* AUInputFormatConverter.h in Headers */ = {isa = PBXBuildFile; fileRef = 8BA05AAB072073D200365D66 /* AUInputFormatConverter.h */; };
		8BA05AD7072073D300365D66 /* AUSilentTimeout.h in Headers */ = {isa = PBXBuildFile; fileRef = 8BA05AAC072073D200365D66 /* AUSilentTimeout.h */; };
		8BA05AD8072073D300365D66 /* AUTimestampGenerator.h in Headers */ = {isa = PBXBuildFile; fileRef = 8BA05AAD072073D200365D66 /* AUTimestampGenerator.h */; };
		8BA05AE50720742100365D66 /* CAAudioChannelLayout.cpp in Sources */ = {isa = PBXBuildFile; fileRef = 8BA05ADF0720742100365D66 /* CAAudioChannelLayout.cpp */; };
		8BA05AE60720742100365D66 /* CAAudioChannelLayout.h in Headers */ = {isa = PBXBuildFile; fileRef = 8BA05AE00720742100365D66 /* CAAudioChannelLayout.h */; };
		8BA05AE70720742100365D66 /* CAMutex.cpp in Sources */ = {isa = PBXBuildFile; fileRef = 8BA05AE10720742100365D66 /* CAMutex.cpp */; };
		8BA05AE80720742100365D66 /* CAMutex.h in Headers */ = {isa = PBXBuildFile; fileRef = 8BA05AE20720742100365D66 /* CAMutex.h */; };
		8BA05AE90720742100365D66 /* CAStreamBasicDescription.cpp in Sources */ = {isa = PBXBuildFile; fileRef = 8BA05AE30720742100365D66 /* CAStreamBasicDescription.cpp */; };
		8BA05AEA0720742100365D66 /* CAStreamBasicDescription.h in Headers */ = {isa = PBXBuildFile; fileRef = 8BA05AE40720742100365D66 /* CAStreamBasicDescription.h */; };
		8BA05AFC072074E100365D66 /* AudioToolbox.framework in Frameworks */ = {isa = PBXBuildFile; fileRef = 8BA05AF9072074E100365D66 /* AudioToolbox.framework */; };
		8BA05AFD072074E100365D66 /* AudioUnit.framework in Frameworks */ = {isa = PBXBuildFile; fileRef = 8BA05AFA072074E100365D66 /* AudioUnit.framework */; };
		8BA05B02072074F900365D66 /* CoreServices.framework in Frameworks */ = {isa = PBXBuildFile; fileRef = 8BA05B01072074F900365D66 /* CoreServices.framework */; };
		8BA05B070720754400365D66 /* CAAUParameter.cpp in Sources */ = {isa = PBXBuildFile; fileRef = 8BA05B050720754400365D66 /* CAAUParameter.cpp */; };
		8BA05B080720754400365D66 /* CAAUParameter.h in Headers */ = {isa = PBXBuildFile; fileRef = 8BA05B060720754400365D66 /* CAAUParameter.h */; };
		8BC6025C073B072D006C4272 /* PScope.h in Headers */ = {isa = PBXBuildFile; fileRef = 8BC6025B073B072D006C4272 /* PScope.h */; };
		8D01CCC80486CAD60068D4B7 /* PScope_Prefix.pch in Headers */ = {isa = PBXBuildFile; fileRef = 32BAE0B30371A71500C91783 /* PScope_Prefix.pch */; };
		8D01CCCA0486CAD60068D4B7 /* InfoPlist.strings in Resources */ = {isa = PBXBuildFile; fileRef = 089C167DFE841241C02AAC07 /* InfoPlist.strings */; };
		8D01CCCE0486CAD60068D4B7 /* Carbon.framework in Frameworks */ = {isa = PBXBuildFile; fileRef = 08EA7FFBFE8413EDC02AAC07 /* Carbon.framework */; };
		AADF9816079A5F540086375F /* HIOpenGLView.cpp in Sources */ = {isa = PBXBuildFile; fileRef = AADF9815079A5F540086375F /* HIOpenGLView.cpp */; };
		AADF981A079A5F970086375F /* OpenGL.framework in Frameworks */ = {isa = PBXBuildFile; fileRef = AADF9819079A5F970086375F /* OpenGL.framework */; };
		AADF9833079A5FBB0086375F /* AGL.framework in Frameworks */ = {isa = PBXBuildFile; fileRef = AADF9832079A5FBB0086375F /* AGL.framework */; };
		AADF9A35079B1C5D0086375F /* CAHostTimeBase.cpp in Sources */ = {isa = PBXBuildFile; fileRef = AADF9A34079B1C5D0086375F /* CAHostTimeBase.cpp */; };
		AADF9A39079B1C650086375F /* CAHostTimeBase.h in Headers */ = {isa = PBXBuildFile; fileRef = AADF9A38079B1C650086375F /* CAHostTimeBase.h */; };
/* End PBXBuildFile section */

/* Begin PBXBuildStyle section */
		4F9091AC011F3BD104CA0E50 /* Development */ = {
			isa = PBXBuildStyle;
			buildSettings = {
				COPY_PHASE_STRIP = NO;
				DEBUGGING_SYMBOLS = YES;
				GCC_DYNAMIC_NO_PIC = NO;
				GCC_ENABLE_FIX_AND_CONTINUE = YES;
				GCC_GENERATE_DEBUGGING_SYMBOLS = YES;
				GCC_OPTIMIZATION_LEVEL = 0;
				OPTIMIZATION_CFLAGS = "-O0";
				ZERO_LINK = YES;
			};
			name = Development;
		};
		4F9091AD011F3BD104CA0E50 /* Deployment */ = {
			isa = PBXBuildStyle;
			buildSettings = {
				COPY_PHASE_STRIP = YES;
				GCC_ENABLE_FIX_AND_CONTINUE = NO;
				ZERO_LINK = NO;
			};
			name = Deployment;
		};
/* End PBXBuildStyle section */

/* Begin PBXFileReference section */
		089C167EFE841241C02AAC07 /* English */ = {isa = PBXFileReference; fileEncoding = 10; lastKnownFileType = text.plist.strings; name = English; path = English.lproj/InfoPlist.strings; sourceTree = "<group>"; };
		08EA7FFBFE8413EDC02AAC07 /* Carbon.framework */ = {isa = PBXFileReference; lastKnownFileType = wrapper.framework; name = Carbon.framework; path = /System/Library/Frameworks/Carbon.framework; sourceTree = "<absolute>"; };
		32BAE0B30371A71500C91783 /* PScope_Prefix.pch */ = {isa = PBXFileReference; fileEncoding = 4; lastKnownFileType = sourcecode.c.h; path = PScope_Prefix.pch; sourceTree = "<group>"; };
		8B43D4A9073C1138003F6C3C /* PScopeView.h */ = {isa = PBXFileReference; fileEncoding = 4; lastKnownFileType = sourcecode.c.h; path = PScopeView.h; sourceTree = "<group>"; };
		8B43D4AA073C1138003F6C3C /* PScopeView.cpp */ = {isa = PBXFileReference; fileEncoding = 4; lastKnownFileType = sourcecode.cpp.cpp; path = PScopeView.cpp; sourceTree = "<group>"; };
		8B5C7F83076FB26000A15F61 /* CoreAudio.framework */ = {isa = PBXFileReference; lastKnownFileType = wrapper.framework; name = CoreAudio.framework; path = /System/Library/Frameworks/CoreAudio.framework; sourceTree = "<absolute>"; };
		8BA05A660720730100365D66 /* PScope.cpp */ = {isa = PBXFileReference; fileEncoding = 30; lastKnownFileType = sourcecode.cpp.cpp; path = PScope.cpp; sourceTree = "<group>"; };
		8BA05A670720730100365D66 /* PScope.exp */ = {isa = PBXFileReference; fileEncoding = 30; lastKnownFileType = sourcecode.exports; path = PScope.exp; sourceTree = "<group>"; };
		8BA05A680720730100365D66 /* PScope.r */ = {isa = PBXFileReference; fileEncoding = 30; lastKnownFileType = sourcecode.rez; path = PScope.r; sourceTree = "<group>"; };
		8BA05A690720730100365D66 /* PScopeVersion.h */ = {isa = PBXFileReference; fileEncoding = 30; lastKnownFileType = sourcecode.c.h; path = PScopeVersion.h; sourceTree = "<group>"; };
		8BA05A7F072073D200365D66 /* AUBase.cpp */ = {isa = PBXFileReference; fileEncoding = 30; lastKnownFileType = sourcecode.cpp.cpp; path = AUBase.cpp; sourceTree = "<group>"; };
		8BA05A80072073D200365D66 /* AUBase.h */ = {isa = PBXFileReference; fileEncoding = 30; lastKnownFileType = sourcecode.c.h; path = AUBase.h; sourceTree = "<group>"; };
		8BA05A81072073D200365D66 /* AUDispatch.cpp */ = {isa = PBXFileReference; fileEncoding = 30; lastKnownFileType = sourcecode.cpp.cpp; path = AUDispatch.cpp; sourceTree = "<group>"; };
		8BA05A82072073D200365D66 /* AUDispatch.h */ = {isa = PBXFileReference; fileEncoding = 30; lastKnownFileType = sourcecode.c.h; path = AUDispatch.h; sourceTree = "<group>"; };
		8BA05A83072073D200365D66 /* AUInputElement.cpp */ = {isa = PBXFileReference; fileEncoding = 30; lastKnownFileType = sourcecode.cpp.cpp; path = AUInputElement.cpp; sourceTree = "<group>"; };
		8BA05A84072073D200365D66 /* AUInputElement.h */ = {isa = PBXFileReference; fileEncoding = 30; lastKnownFileType = sourcecode.c.h; path = AUInputElement.h; sourceTree = "<group>"; };
		8BA05A85072073D200365D66 /* AUOutputElement.cpp */ = {isa = PBXFileReference; fileEncoding = 30; lastKnownFileType = sourcecode.cpp.cpp; path = AUOutputElement.cpp; sourceTree = "<group>"; };
		8BA05A86072073D200365D66 /* AUOutputElement.h */ = {isa = PBXFileReference; fileEncoding = 30; lastKnownFileType = sourcecode.c.h; path = AUOutputElement.h; sourceTree = "<group>"; };
		8BA05A87072073D200365D66 /* AUResources.r */ = {isa = PBXFileReference; fileEncoding = 30; lastKnownFileType = sourcecode.rez; path = AUResources.r; sourceTree = "<group>"; };
		8BA05A88072073D200365D66 /* AUScopeElement.cpp */ = {isa = PBXFileReference; fileEncoding = 30; lastKnownFileType = sourcecode.cpp.cpp; path = AUScopeElement.cpp; sourceTree = "<group>"; };
		8BA05A89072073D200365D66 /* AUScopeElement.h */ = {isa = PBXFileReference; fileEncoding = 30; lastKnownFileType = sourcecode.c.h; path = AUScopeElement.h; sourceTree = "<group>"; };
		8BA05A8A072073D200365D66 /* ComponentBase.cpp */ = {isa = PBXFileReference; fileEncoding = 30; lastKnownFileType = sourcecode.cpp.cpp; path = ComponentBase.cpp; sourceTree = "<group>"; };
		8BA05A8B072073D200365D66 /* ComponentBase.h */ = {isa = PBXFileReference; fileEncoding = 30; lastKnownFileType = sourcecode.c.h; path = ComponentBase.h; sourceTree = "<group>"; };
		8BA05A8D072073D200365D66 /* AUCarbonViewBase.cpp */ = {isa = PBXFileReference; fileEncoding = 30; lastKnownFileType = sourcecode.cpp.cpp; path = AUCarbonViewBase.cpp; sourceTree = "<group>"; };
		8BA05A8E072073D200365D66 /* AUCarbonViewBase.h */ = {isa = PBXFileReference; fileEncoding = 30; lastKnownFileType = sourcecode.c.h; path = AUCarbonViewBase.h; sourceTree = "<group>"; };
		8BA05A8F072073D200365D66 /* AUCarbonViewControl.cpp */ = {isa = PBXFileReference; fileEncoding = 30; lastKnownFileType = sourcecode.cpp.cpp; path = AUCarbonViewControl.cpp; sourceTree = "<group>"; };
		8BA05A90072073D200365D66 /* AUCarbonViewControl.h */ = {isa = PBXFileReference; fileEncoding = 30; lastKnownFileType = sourcecode.c.h; path = AUCarbonViewControl.h; sourceTree = "<group>"; };
		8BA05A91072073D200365D66 /* AUCarbonViewDispatch.cpp */ = {isa = PBXFileReference; fileEncoding = 30; lastKnownFileType = sourcecode.cpp.cpp; path = AUCarbonViewDispatch.cpp; sourceTree = "<group>"; };
		8BA05A92072073D200365D66 /* AUControlGroup.cpp */ = {isa = PBXFileReference; fileEncoding = 30; lastKnownFileType = sourcecode.cpp.cpp; path = AUControlGroup.cpp; sourceTree = "<group>"; };
		8BA05A93072073D200365D66 /* AUControlGroup.h */ = {isa = PBXFileReference; fileEncoding = 30; lastKnownFileType = sourcecode.c.h; path = AUControlGroup.h; sourceTree = "<group>"; };
		8BA05A94072073D200365D66 /* CarbonEventHandler.cpp */ = {isa = PBXFileReference; fileEncoding = 30; lastKnownFileType = sourcecode.cpp.cpp; path = CarbonEventHandler.cpp; sourceTree = "<group>"; };
		8BA05A95072073D200365D66 /* CarbonEventHandler.h */ = {isa = PBXFileReference; fileEncoding = 30; lastKnownFileType = sourcecode.c.h; path = CarbonEventHandler.h; sourceTree = "<group>"; };
		8BA05A98072073D200365D66 /* AUViewLocalizedStringKeys.h */ = {isa = PBXFileReference; fileEncoding = 30; lastKnownFileType = sourcecode.c.h; path = AUViewLocalizedStringKeys.h; sourceTree = "<group>"; };
		8BA05A9A072073D200365D66 /* AUEffectBase.cpp */ = {isa = PBXFileReference; fileEncoding = 30; lastKnownFileType = sourcecode.cpp.cpp; path = AUEffectBase.cpp; sourceTree = "<group>"; };
		8BA05A9B072073D200365D66 /* AUEffectBase.h */ = {isa = PBXFileReference; fileEncoding = 30; lastKnownFileType = sourcecode.c.h; path = AUEffectBase.h; sourceTree = "<group>"; };
		8BA05AA7072073D200365D66 /* AUBuffer.cpp */ = {isa = PBXFileReference; fileEncoding = 30; lastKnownFileType = sourcecode.cpp.cpp; path = AUBuffer.cpp; sourceTree = "<group>"; };
		8BA05AA8072073D200365D66 /* AUBuffer.h */ = {isa = PBXFileReference; fileEncoding = 30; lastKnownFileType = sourcecode.c.h; path = AUBuffer.h; sourceTree = "<group>"; };
		8BA05AA9072073D200365D66 /* AUDebugDispatcher.cpp */ = {isa = PBXFileReference; fileEncoding = 30; lastKnownFileType = sourcecode.cpp.cpp; path = AUDebugDispatcher.cpp; sourceTree = "<group>"; };
		8BA05AAA072073D200365D66 /* AUDebugDispatcher.h */ = {isa = PBXFileReference; fileEncoding = 30; lastKnownFileType = sourcecode.c.h; path = AUDebugDispatcher.h; sourceTree = "<group>"; };
		8BA05AAB072073D200365D66 /* AUInputFormatConverter.h */ = {isa = PBXFileReference; fileEncoding = 30; lastKnownFileType = sourcecode.c.h; path = AUInputFormatConverter.h; sourceTree = "<group>"; };
		8BA05AAC072073D200365D66 /* AUSilentTimeout.h */ = {isa = PBXFileReference; fileEncoding = 30; lastKnownFileType = sourcecode.c.h; path = AUSilentTimeout.h; sourceTree = "<group>"; };
		8BA05AAD072073D200365D66 /* AUTimestampGenerator.h */ = {isa = PBXFileReference; fileEncoding = 30; lastKnownFileType = sourcecode.c.h; path = AUTimestampGenerator.h; sourceTree = "<group>"; };
		8BA05ADF0720742100365D66 /* CAAudioChannelLayout.cpp */ = {isa = PBXFileReference; fileEncoding = 30; lastKnownFileType = sourcecode.cpp.cpp; name = CAAudioChannelLayout.cpp; path = /Developer/Examples/CoreAudio/PublicUtility/CAAudioChannelLayout.cpp; sourceTree = "<absolute>"; };
		8BA05AE00720742100365D66 /* CAAudioChannelLayout.h */ = {isa = PBXFileReference; fileEncoding = 30; lastKnownFileType = sourcecode.c.h; name = CAAudioChannelLayout.h; path = /Developer/Examples/CoreAudio/PublicUtility/CAAudioChannelLayout.h; sourceTree = "<absolute>"; };
		8BA05AE10720742100365D66 /* CAMutex.cpp */ = {isa = PBXFileReference; fileEncoding = 30; lastKnownFileType = sourcecode.cpp.cpp; name = CAMutex.cpp; path = /Developer/Examples/CoreAudio/PublicUtility/CAMutex.cpp; sourceTree = "<absolute>"; };
		8BA05AE20720742100365D66 /* CAMutex.h */ = {isa = PBXFileReference; fileEncoding = 30; lastKnownFileType = sourcecode.c.h; name = CAMutex.h; path = /Developer/Examples/CoreAudio/PublicUtility/CAMutex.h; sourceTree = "<absolute>"; };
		8BA05AE30720742100365D66 /* CAStreamBasicDescription.cpp */ = {isa = PBXFileReference; fileEncoding = 30; lastKnownFileType = sourcecode.cpp.cpp; name = CAStreamBasicDescription.cpp; path = /Developer/Examples/CoreAudio/PublicUtility/CAStreamBasicDescription.cpp; sourceTree = "<absolute>"; };
		8BA05AE40720742100365D66 /* CAStreamBasicDescription.h */ = {isa = PBXFileReference; fileEncoding = 30; lastKnownFileType = sourcecode.c.h; name = CAStreamBasicDescription.h; path = /Developer/Examples/CoreAudio/PublicUtility/CAStreamBasicDescription.h; sourceTree = "<absolute>"; };
		8BA05AF9072074E100365D66 /* AudioToolbox.framework */ = {isa = PBXFileReference; lastKnownFileType = wrapper.framework; name = AudioToolbox.framework; path = /System/Library/Frameworks/AudioToolbox.framework; sourceTree = "<absolute>"; };
		8BA05AFA072074E100365D66 /* AudioUnit.framework */ = {isa = PBXFileReference; lastKnownFileType = wrapper.framework; name = AudioUnit.framework; path = /System/Library/Frameworks/AudioUnit.framework; sourceTree = "<absolute>"; };
		8BA05B01072074F900365D66 /* CoreServices.framework */ = {isa = PBXFileReference; lastKnownFileType = wrapper.framework; name = CoreServices.framework; path = /System/Library/Frameworks/CoreServices.framework; sourceTree = "<absolute>"; };
		8BA05B050720754400365D66 /* CAAUParameter.cpp */ = {isa = PBXFileReference; fileEncoding = 30; lastKnownFileType = sourcecode.cpp.cpp; name = CAAUParameter.cpp; path = /Developer/Examples/CoreAudio/PublicUtility/CAAUParameter.cpp; sourceTree = "<absolute>"; };
		8BA05B060720754400365D66 /* CAAUParameter.h */ = {isa = PBXFileReference; fileEncoding = 30; lastKnownFileType = sourcecode.c.h; name = CAAUParameter.h; path = /Developer/Examples/CoreAudio/PublicUtility/CAAUParameter.h; sourceTree = "<absolute>"; };
		8BC6025B073B072D006C4272 /* PScope.h */ = {isa = PBXFileReference; fileEncoding = 30; lastKnownFileType = sourcecode.c.h; path = PScope.h; sourceTree = "<group>"; };
		8D01CCD10486CAD60068D4B7 /* Info.plist */ = {isa = PBXFileReference; fileEncoding = 4; lastKnownFileType = text.plist; path = Info.plist; sourceTree = "<group>"; };
		8D01CCD20486CAD60068D4B7 /* PScope.component */ = {isa = PBXFileReference; explicitFileType = wrapper.cfbundle; includeInIndex = 0; path = PScope.component; sourceTree = BUILT_PRODUCTS_DIR; };
		AADF9815079A5F540086375F /* HIOpenGLView.cpp */ = {isa = PBXFileReference; fileEncoding = 30; lastKnownFileType = sourcecode.cpp.cpp; path = HIOpenGLView.cpp; sourceTree = "<group>"; };
		AADF9817079A5F600086375F /* HIOpenGLView.h */ = {isa = PBXFileReference; fileEncoding = 30; lastKnownFileType = sourcecode.c.h; path = HIOpenGLView.h; sourceTree = "<group>"; };
		AADF9819079A5F970086375F /* OpenGL.framework */ = {isa = PBXFileReference; lastKnownFileType = wrapper.framework; name = OpenGL.framework; path = /System/Library/Frameworks/OpenGL.framework; sourceTree = "<absolute>"; };
		AADF9832079A5FBB0086375F /* AGL.framework */ = {isa = PBXFileReference; lastKnownFileType = wrapper.framework; name = AGL.framework; path = /System/Library/Frameworks/AGL.framework; sourceTree = "<absolute>"; };
		AADF9A34079B1C5D0086375F /* CAHostTimeBase.cpp */ = {isa = PBXFileReference; fileEncoding = 30; lastKnownFileType = sourcecode.cpp.cpp; name = CAHostTimeBase.cpp; path = /Developer/Examples/CoreAudio/PublicUtility/CAHostTimeBase.cpp; sourceTree = "<absolute>"; };
		AADF9A38079B1C650086375F /* CAHostTimeBase.h */ = {isa = PBXFileReference; fileEncoding = 30; lastKnownFileType = sourcecode.c.h; name = CAHostTimeBase.h; path = /Developer/Examples/CoreAudio/PublicUtility/CAHostTimeBase.h; sourceTree = "<absolute>"; };
/* End PBXFileReference section */

/* Begin PBXFrameworksBuildPhase section */
		8D01CCCD0486CAD60068D4B7 /* Frameworks */ = {
			isa = PBXFrameworksBuildPhase;
			buildActionMask = 2147483647;
			files = (
				8D01CCCE0486CAD60068D4B7 /* Carbon.framework in Frameworks */,
				8BA05AFC072074E100365D66 /* AudioToolbox.framework in Frameworks */,
				8BA05AFD072074E100365D66 /* AudioUnit.framework in Frameworks */,
				8BA05B02072074F900365D66 /* CoreServices.framework in Frameworks */,
				AADF981A079A5F970086375F /* OpenGL.framework in Frameworks */,
				AADF9833079A5FBB0086375F /* AGL.framework in Frameworks */,
			);
			runOnlyForDeploymentPostprocessing = 0;
		};
/* End PBXFrameworksBuildPhase section */

/* Begin PBXGroup section */
		089C166AFE841209C02AAC07 /* PScope */ = {
			isa = PBXGroup;
			children = (
				08FB77ADFE841716C02AAC07 /* Source */,
				089C167CFE841241C02AAC07 /* Resources */,
				089C1671FE841209C02AAC07 /* External Frameworks and Libraries */,
				19C28FB4FE9D528D11CA2CBB /* Products */,
			);
			name = PScope;
			sourceTree = "<group>";
		};
		089C1671FE841209C02AAC07 /* External Frameworks and Libraries */ = {
			isa = PBXGroup;
			children = (
				AADF9832079A5FBB0086375F /* AGL.framework */,
				AADF9819079A5F970086375F /* OpenGL.framework */,
				8B5C7F83076FB26000A15F61 /* CoreAudio.framework */,
				8BA05B01072074F900365D66 /* CoreServices.framework */,
				8BA05AF9072074E100365D66 /* AudioToolbox.framework */,
				8BA05AFA072074E100365D66 /* AudioUnit.framework */,
				08EA7FFBFE8413EDC02AAC07 /* Carbon.framework */,
			);
			name = "External Frameworks and Libraries";
			sourceTree = "<group>";
		};
		089C167CFE841241C02AAC07 /* Resources */ = {
			isa = PBXGroup;
			children = (
				8D01CCD10486CAD60068D4B7 /* Info.plist */,
				089C167DFE841241C02AAC07 /* InfoPlist.strings */,
			);
			name = Resources;
			sourceTree = "<group>";
		};
		08FB77ADFE841716C02AAC07 /* Source */ = {
			isa = PBXGroup;
			children = (
				8BA05AEB0720742700365D66 /* Public Utility */,
				8BA05A7D072073D200365D66 /* AUPublic */,
				8BA05A56072072A900365D66 /* AU Source */,
				32BAE0B30371A71500C91783 /* PScope_Prefix.pch */,
			);
			name = Source;
			sourceTree = "<group>";
		};
		19C28FB4FE9D528D11CA2CBB /* Products */ = {
			isa = PBXGroup;
			children = (
				8D01CCD20486CAD60068D4B7 /* PScope.component */,
			);
			name = Products;
			sourceTree = "<group>";
		};
		8BA05A56072072A900365D66 /* AU Source */ = {
			isa = PBXGroup;
			children = (
				8B43D4A9073C1138003F6C3C /* PScopeView.h */,
				8B43D4AA073C1138003F6C3C /* PScopeView.cpp */,
				AADF9815079A5F540086375F /* HIOpenGLView.cpp */,
				AADF9817079A5F600086375F /* HIOpenGLView.h */,
				8BC6025B073B072D006C4272 /* PScope.h */,
				8BA05A660720730100365D66 /* PScope.cpp */,
				8BA05A670720730100365D66 /* PScope.exp */,
				8BA05A680720730100365D66 /* PScope.r */,
				8BA05A690720730100365D66 /* PScopeVersion.h */,
			);
			name = "AU Source";
			sourceTree = "<group>";
		};
		8BA05A7D072073D200365D66 /* AUPublic */ = {
			isa = PBXGroup;
			children = (
				8BA05A7E072073D200365D66 /* AUBase */,
				8BA05A8C072073D200365D66 /* AUCarbonViewBase */,
				8BA05A97072073D200365D66 /* AUViewBase */,
				8BA05A99072073D200365D66 /* OtherBases */,
				8BA05AA6072073D200365D66 /* Utility */,
			);
			name = AUPublic;
			path = /Developer/Examples/CoreAudio/AudioUnits/AUPublic;
			sourceTree = "<absolute>";
		};
		8BA05A7E072073D200365D66 /* AUBase */ = {
			isa = PBXGroup;
			children = (
				8BA05A7F072073D200365D66 /* AUBase.cpp */,
				8BA05A80072073D200365D66 /* AUBase.h */,
				8BA05A81072073D200365D66 /* AUDispatch.cpp */,
				8BA05A82072073D200365D66 /* AUDispatch.h */,
				8BA05A83072073D200365D66 /* AUInputElement.cpp */,
				8BA05A84072073D200365D66 /* AUInputElement.h */,
				8BA05A85072073D200365D66 /* AUOutputElement.cpp */,
				8BA05A86072073D200365D66 /* AUOutputElement.h */,
				8BA05A87072073D200365D66 /* AUResources.r */,
				8BA05A88072073D200365D66 /* AUScopeElement.cpp */,
				8BA05A89072073D200365D66 /* AUScopeElement.h */,
				8BA05A8A072073D200365D66 /* ComponentBase.cpp */,
				8BA05A8B072073D200365D66 /* ComponentBase.h */,
			);
			path = AUBase;
			sourceTree = "<group>";
		};
		8BA05A8C072073D200365D66 /* AUCarbonViewBase */ = {
			isa = PBXGroup;
			children = (
				8BA05A8D072073D200365D66 /* AUCarbonViewBase.cpp */,
				8BA05A8E072073D200365D66 /* AUCarbonViewBase.h */,
				8BA05A8F072073D200365D66 /* AUCarbonViewControl.cpp */,
				8BA05A90072073D200365D66 /* AUCarbonViewControl.h */,
				8BA05A91072073D200365D66 /* AUCarbonViewDispatch.cpp */,
				8BA05A92072073D200365D66 /* AUControlGroup.cpp */,
				8BA05A93072073D200365D66 /* AUControlGroup.h */,
				8BA05A94072073D200365D66 /* CarbonEventHandler.cpp */,
				8BA05A95072073D200365D66 /* CarbonEventHandler.h */,
			);
			path = AUCarbonViewBase;
			sourceTree = "<group>";
		};
		8BA05A97072073D200365D66 /* AUViewBase */ = {
			isa = PBXGroup;
			children = (
				8BA05A98072073D200365D66 /* AUViewLocalizedStringKeys.h */,
			);
			path = AUViewBase;
			sourceTree = "<group>";
		};
		8BA05A99072073D200365D66 /* OtherBases */ = {
			isa = PBXGroup;
			children = (
				AADF9A34079B1C5D0086375F /* CAHostTimeBase.cpp */,
				8BA05A9A072073D200365D66 /* AUEffectBase.cpp */,
				8BA05A9B072073D200365D66 /* AUEffectBase.h */,
				AADF9A38079B1C650086375F /* CAHostTimeBase.h */,
			);
			path = OtherBases;
			sourceTree = "<group>";
		};
		8BA05AA6072073D200365D66 /* Utility */ = {
			isa = PBXGroup;
			children = (
				8BA05AA7072073D200365D66 /* AUBuffer.cpp */,
				8BA05AA8072073D200365D66 /* AUBuffer.h */,
				8BA05AA9072073D200365D66 /* AUDebugDispatcher.cpp */,
				8BA05AAA072073D200365D66 /* AUDebugDispatcher.h */,
				8BA05AAB072073D200365D66 /* AUInputFormatConverter.h */,
				8BA05AAC072073D200365D66 /* AUSilentTimeout.h */,
				8BA05AAD072073D200365D66 /* AUTimestampGenerator.h */,
			);
			path = Utility;
			sourceTree = "<group>";
		};
		8BA05AEB0720742700365D66 /* Public Utility */ = {
			isa = PBXGroup;
			children = (
				8BA05B050720754400365D66 /* CAAUParameter.cpp */,
				8BA05B060720754400365D66 /* CAAUParameter.h */,
				8BA05ADF0720742100365D66 /* CAAudioChannelLayout.cpp */,
				8BA05AE00720742100365D66 /* CAAudioChannelLayout.h */,
				8BA05AE10720742100365D66 /* CAMutex.cpp */,
				8BA05AE20720742100365D66 /* CAMutex.h */,
				8BA05AE30720742100365D66 /* CAStreamBasicDescription.cpp */,
				8BA05AE40720742100365D66 /* CAStreamBasicDescription.h */,
			);
			name = "Public Utility";
			sourceTree = "<group>";
		};
/* End PBXGroup section */

/* Begin PBXHeadersBuildPhase section */
		8D01CCC70486CAD60068D4B7 /* Headers */ = {
			isa = PBXHeadersBuildPhase;
			buildActionMask = 2147483647;
			files = (
				8D01CCC80486CAD60068D4B7 /* PScope_Prefix.pch in Headers */,
				8BA05A6E0720730100365D66 /* PScopeVersion.h in Headers */,
				8BA05AAF072073D300365D66 /* AUBase.h in Headers */,
				8BA05AB1072073D300365D66 /* AUDispatch.h in Headers */,
				8BA05AB3072073D300365D66 /* AUInputElement.h in Headers */,
				8BA05AB5072073D300365D66 /* AUOutputElement.h in Headers */,
				8BA05AB8072073D300365D66 /* AUScopeElement.h in Headers */,
				8BA05ABA072073D300365D66 /* ComponentBase.h in Headers */,
				8BA05ABC072073D300365D66 /* AUCarbonViewBase.h in Headers */,
				8BA05ABE072073D300365D66 /* AUCarbonViewControl.h in Headers */,
				8BA05AC1072073D300365D66 /* AUControlGroup.h in Headers */,
				8BA05AC3072073D300365D66 /* CarbonEventHandler.h in Headers */,
				8BA05AC5072073D300365D66 /* AUViewLocalizedStringKeys.h in Headers */,
				8BA05AC7072073D300365D66 /* AUEffectBase.h in Headers */,
				8BA05AD3072073D300365D66 /* AUBuffer.h in Headers */,
				8BA05AD5072073D300365D66 /* AUDebugDispatcher.h in Headers */,
				8BA05AD6072073D300365D66 /* AUInputFormatConverter.h in Headers */,
				8BA05AD7072073D300365D66 /* AUSilentTimeout.h in Headers */,
				8BA05AD8072073D300365D66 /* AUTimestampGenerator.h in Headers */,
				8BA05AE60720742100365D66 /* CAAudioChannelLayout.h in Headers */,
				8BA05AE80720742100365D66 /* CAMutex.h in Headers */,
				8BA05AEA0720742100365D66 /* CAStreamBasicDescription.h in Headers */,
				8BA05B080720754400365D66 /* CAAUParameter.h in Headers */,
				8BC6025C073B072D006C4272 /* PScope.h in Headers */,
				8B43D4AB073C1138003F6C3C /* PScopeView.h in Headers */,
				AADF9A39079B1C650086375F /* CAHostTimeBase.h in Headers */,
			);
			runOnlyForDeploymentPostprocessing = 0;
		};
/* End PBXHeadersBuildPhase section */

/* Begin PBXNativeTarget section */
		8D01CCC60486CAD60068D4B7 /* PScope */ = {
			isa = PBXNativeTarget;
			buildConfigurationList = AA08A54D0864F13D002A08AC /* Build configuration list for PBXNativeTarget "PScope" */;
			buildPhases = (
				8D01CCC70486CAD60068D4B7 /* Headers */,
				8D01CCC90486CAD60068D4B7 /* Resources */,
				8D01CCCB0486CAD60068D4B7 /* Sources */,
				8D01CCCD0486CAD60068D4B7 /* Frameworks */,
				8D01CCCF0486CAD60068D4B7 /* Rez */,
			);
			buildRules = (
			);
			buildSettings = {
				DEPLOYMENT_LOCATION = NO;
				EXPORTED_SYMBOLS_FILE = PScope.exp;
				FRAMEWORK_SEARCH_PATHS = "";
				GCC_ENABLE_TRIGRAPHS = NO;
				GCC_GENERATE_DEBUGGING_SYMBOLS = NO;
				GCC_PRECOMPILE_PREFIX_HEADER = YES;
				GCC_PREFIX_HEADER = PScope_Prefix.pch;
				GCC_WARN_ABOUT_MISSING_PROTOTYPES = NO;
				GCC_WARN_FOUR_CHARACTER_CONSTANTS = NO;
				GCC_WARN_UNKNOWN_PRAGMAS = NO;
				GENERATE_PKGINFO_FILE = YES;
				HEADER_SEARCH_PATHS = "";
				INFOPLIST_FILE = Info.plist;
				INSTALL_PATH = "$(HOME)/Library/Audio/Plug-Ins/Components/";
				LIBRARY_SEARCH_PATHS = "";
				LIBRARY_STYLE = Bundle;
				OTHER_CFLAGS = "";
				OTHER_LDFLAGS = "-bundle";
				OTHER_REZFLAGS = "-I /System/Library/Frameworks/CoreServices.framework/Frameworks/CarbonCore.framework/Versions/A/Headers -I /Developer/Examples/CoreAudio/AudioUnits/AUPublic/AUBase";
				PRODUCT_NAME = PScope;
				REZ_SEARCH_PATHS = (
					/System/Library/Frameworks/CoreServices.framework/Frameworks/CarbonCore.framework/Versions/A/Headers,
					/Developer/Examples/CoreAudio/AudioUnits/AUPublic/AUBase,
				);
				SECTORDER_FLAGS = "";
				WARNING_CFLAGS = (
					"-Wmost",
					"-Wno-four-char-constants",
					"-Wno-unknown-pragmas",
				);
				WRAPPER_EXTENSION = component;
			};
			dependencies = (
			);
			name = PScope;
			productInstallPath = "$(HOME)/Library/Bundles";
			productName = PScope;
			productReference = 8D01CCD20486CAD60068D4B7 /* PScope.component */;
			productType = "com.apple.product-type.bundle";
		};
/* End PBXNativeTarget section */

/* Begin PBXProject section */
		089C1669FE841209C02AAC07 /* Project object */ = {
			isa = PBXProject;
			buildConfigurationList = AA08A5510864F13D002A08AC /* Build configuration list for PBXProject "PScope" */;
			buildSettings = {
			};
			buildStyles = (
				4F9091AC011F3BD104CA0E50 /* Development */,
				4F9091AD011F3BD104CA0E50 /* Deployment */,
			);
			hasScannedForEncodings = 1;
			mainGroup = 089C166AFE841209C02AAC07 /* PScope */;
			projectDirPath = "";
			targets = (
				8D01CCC60486CAD60068D4B7 /* PScope */,
			);
		};
/* End PBXProject section */

/* Begin PBXResourcesBuildPhase section */
		8D01CCC90486CAD60068D4B7 /* Resources */ = {
			isa = PBXResourcesBuildPhase;
			buildActionMask = 2147483647;
			files = (
				8D01CCCA0486CAD60068D4B7 /* InfoPlist.strings in Resources */,
			);
			runOnlyForDeploymentPostprocessing = 0;
		};
/* End PBXResourcesBuildPhase section */

/* Begin PBXRezBuildPhase section */
		8D01CCCF0486CAD60068D4B7 /* Rez */ = {
			isa = PBXRezBuildPhase;
			buildActionMask = 2147483647;
			files = (
				8B4119230749635800361ABE /* PScope.r in Rez */,
			);
			runOnlyForDeploymentPostprocessing = 0;
		};
/* End PBXRezBuildPhase section */

/* Begin PBXSourcesBuildPhase section */
		8D01CCCB0486CAD60068D4B7 /* Sources */ = {
			isa = PBXSourcesBuildPhase;
			buildActionMask = 2147483647;
			files = (
				8BA05A6B0720730100365D66 /* PScope.cpp in Sources */,
				8BA05AAE072073D300365D66 /* AUBase.cpp in Sources */,
				8BA05AB0072073D300365D66 /* AUDispatch.cpp in Sources */,
				8BA05AB2072073D300365D66 /* AUInputElement.cpp in Sources */,
				8BA05AB4072073D300365D66 /* AUOutputElement.cpp in Sources */,
				8BA05AB7072073D300365D66 /* AUScopeElement.cpp in Sources */,
				8BA05AB9072073D300365D66 /* ComponentBase.cpp in Sources */,
				8BA05ABB072073D300365D66 /* AUCarbonViewBase.cpp in Sources */,
				8BA05ABD072073D300365D66 /* AUCarbonViewControl.cpp in Sources */,
				8BA05ABF072073D300365D66 /* AUCarbonViewDispatch.cpp in Sources */,
				8BA05AC0072073D300365D66 /* AUControlGroup.cpp in Sources */,
				8BA05AC2072073D300365D66 /* CarbonEventHandler.cpp in Sources */,
				8BA05AC6072073D300365D66 /* AUEffectBase.cpp in Sources */,
				8BA05AD2072073D300365D66 /* AUBuffer.cpp in Sources */,
				8BA05AD4072073D300365D66 /* AUDebugDispatcher.cpp in Sources */,
				8BA05AE50720742100365D66 /* CAAudioChannelLayout.cpp in Sources */,
				8BA05AE70720742100365D66 /* CAMutex.cpp in Sources */,
				8BA05AE90720742100365D66 /* CAStreamBasicDescription.cpp in Sources */,
				8BA05B070720754400365D66 /* CAAUParameter.cpp in Sources */,
				8B43D4AC073C1138003F6C3C /* PScopeView.cpp in Sources */,
				AADF9816079A5F540086375F /* HIOpenGLView.cpp in Sources */,
				AADF9A35079B1C5D0086375F /* CAHostTimeBase.cpp in Sources */,
			);
			runOnlyForDeploymentPostprocessing = 0;
		};
/* End PBXSourcesBuildPhase section */

/* Begin PBXVariantGroup section */
		089C167DFE841241C02AAC07 /* InfoPlist.strings */ = {
			isa = PBXVariantGroup;
			children = (
				089C167EFE841241C02AAC07 /* English */,
			);
			name = InfoPlist.strings;
			sourceTree = "<group>";
		};
/* End PBXVariantGroup section */

/* Begin XCBuildConfiguration section */
		AA08A54E0864F13D002A08AC /* Development */ = {
			isa = XCBuildConfiguration;
			buildSettings = {
				COPY_PHASE_STRIP = NO;
				DEBUGGING_SYMBOLS = YES;
				DEPLOYMENT_LOCATION = NO;
				EXPORTED_SYMBOLS_FILE = PScope.exp;
				FRAMEWORK_SEARCH_PATHS = "";
				GCC_DYNAMIC_NO_PIC = NO;
				GCC_ENABLE_FIX_AND_CONTINUE = YES;
				GCC_ENABLE_TRIGRAPHS = NO;
				GCC_GENERATE_DEBUGGING_SYMBOLS = YES;
				GCC_OPTIMIZATION_LEVEL = 0;
				GCC_PRECOMPILE_PREFIX_HEADER = YES;
				GCC_PREFIX_HEADER = PScope_Prefix.pch;
				GCC_WARN_ABOUT_MISSING_PROTOTYPES = NO;
				GCC_WARN_FOUR_CHARACTER_CONSTANTS = NO;
				GCC_WARN_UNKNOWN_PRAGMAS = NO;
				GENERATE_PKGINFO_FILE = YES;
				HEADER_SEARCH_PATHS = "";
				INFOPLIST_FILE = Info.plist;
				INSTALL_PATH = "$(HOME)/Library/Audio/Plug-Ins/Components/";
				LIBRARY_SEARCH_PATHS = "";
				LIBRARY_STYLE = Bundle;
				OPTIMIZATION_CFLAGS = "-O0";
				OTHER_CFLAGS = "";
				OTHER_LDFLAGS = "-bundle";
				OTHER_REZFLAGS = "-I /System/Library/Frameworks/CoreServices.framework/Frameworks/CarbonCore.framework/Versions/A/Headers -I /Developer/Examples/CoreAudio/AudioUnits/AUPublic/AUBase";
				PRODUCT_NAME = PScope;
				REZ_SEARCH_PATHS = (
					/System/Library/Frameworks/CoreServices.framework/Frameworks/CarbonCore.framework/Versions/A/Headers,
					/Developer/Examples/CoreAudio/AudioUnits/AUPublic/AUBase,
				);
				SECTORDER_FLAGS = "";
				WARNING_CFLAGS = (
					"-Wmost",
					"-Wno-four-char-constants",
					"-Wno-unknown-pragmas",
				);
				WRAPPER_EXTENSION = component;
				ZERO_LINK = YES;
			};
			name = Development;
		};
		AA08A54F0864F13D002A08AC /* Deployment */ = {
			isa = XCBuildConfiguration;
			buildSettings = {
				COPY_PHASE_STRIP = YES;
				DEPLOYMENT_LOCATION = NO;
				EXPORTED_SYMBOLS_FILE = PScope.exp;
				FRAMEWORK_SEARCH_PATHS = "";
				GCC_ENABLE_FIX_AND_CONTINUE = NO;
				GCC_ENABLE_TRIGRAPHS = NO;
				GCC_GENERATE_DEBUGGING_SYMBOLS = NO;
				GCC_PRECOMPILE_PREFIX_HEADER = YES;
				GCC_PREFIX_HEADER = PScope_Prefix.pch;
				GCC_WARN_ABOUT_MISSING_PROTOTYPES = NO;
				GCC_WARN_FOUR_CHARACTER_CONSTANTS = NO;
				GCC_WARN_UNKNOWN_PRAGMAS = NO;
				GENERATE_PKGINFO_FILE = YES;
				HEADER_SEARCH_PATHS = "";
				INFOPLIST_FILE = Info.plist;
				INSTALL_PATH = "$(HOME)/Library/Audio/Plug-Ins/Components/";
				LIBRARY_SEARCH_PATHS = "";
				LIBRARY_STYLE = Bundle;
				OTHER_CFLAGS = "";
				OTHER_LDFLAGS = "-bundle";
				OTHER_REZFLAGS = "-I /System/Library/Frameworks/CoreServices.framework/Frameworks/CarbonCore.framework/Versions/A/Headers -I /Developer/Examples/CoreAudio/AudioUnits/AUPublic/AUBase";
				PRODUCT_NAME = PScope;
				REZ_SEARCH_PATHS = (
					/System/Library/Frameworks/CoreServices.framework/Frameworks/CarbonCore.framework/Versions/A/Headers,
					/Developer/Examples/CoreAudio/AudioUnits/AUPublic/AUBase,
				);
				SECTORDER_FLAGS = "";
				WARNING_CFLAGS = (
					"-Wmost",
					"-Wno-four-char-constants",
					"-Wno-unknown-pragmas",
				);
				WRAPPER_EXTENSION = component;
				ZERO_LINK = NO;
			};
			name = Deployment;
		};
		AA08A5500864F13D002A08AC /* Default */ = {
			isa = XCBuildConfiguration;
			buildSettings = {
				DEPLOYMENT_LOCATION = NO;
				EXPORTED_SYMBOLS_FILE = PScope.exp;
				FRAMEWORK_SEARCH_PATHS = "";
				GCC_ENABLE_TRIGRAPHS = NO;
				GCC_GENERATE_DEBUGGING_SYMBOLS = NO;
				GCC_PRECOMPILE_PREFIX_HEADER = YES;
				GCC_PREFIX_HEADER = PScope_Prefix.pch;
				GCC_WARN_ABOUT_MISSING_PROTOTYPES = NO;
				GCC_WARN_FOUR_CHARACTER_CONSTANTS = NO;
				GCC_WARN_UNKNOWN_PRAGMAS = NO;
				GENERATE_PKGINFO_FILE = YES;
				HEADER_SEARCH_PATHS = "";
				INFOPLIST_FILE = Info.plist;
				INSTALL_PATH = "$(HOME)/Library/Audio/Plug-Ins/Components/";
				LIBRARY_SEARCH_PATHS = "";
				LIBRARY_STYLE = Bundle;
				OTHER_CFLAGS = "";
				OTHER_LDFLAGS = "-bundle";
				OTHER_REZFLAGS = "-I /System/Library/Frameworks/CoreServices.framework/Frameworks/CarbonCore.framework/Versions/A/Headers -I /Developer/Examples/CoreAudio/AudioUnits/AUPublic/AUBase";
				PRODUCT_NAME = PScope;
				REZ_SEARCH_PATHS = (
					/System/Library/Frameworks/CoreServices.framework/Frameworks/CarbonCore.framework/Versions/A/Headers,
					/Developer/Examples/CoreAudio/AudioUnits/AUPublic/AUBase,
				);
				SECTORDER_FLAGS = "";
				WARNING_CFLAGS = (
					"-Wmost",
					"-Wno-four-char-constants",
					"-Wno-unknown-pragmas",
				);
				WRAPPER_EXTENSION = component;
			};
			name = Default;
		};
		AA08A5520864F13D002A08AC /* Development */ = {
			isa = XCBuildConfiguration;
			buildSettings = {
			};
			name = Development;
		};
		AA08A5530864F13D002A08AC /* Deployment */ = {
			isa = XCBuildConfiguration;
			buildSettings = {
			};
			name = Deployment;
		};
		AA08A5540864F13D002A08AC /* Default */ = {
			isa = XCBuildConfiguration;
			buildSettings = {
			};
			name = Default;
		};
/* End XCBuildConfiguration section */

/* Begin XCConfigurationList section */
		AA08A54D0864F13D002A08AC /* Build configuration list for PBXNativeTarget "PScope" */ = {
			isa = XCConfigurationList;
			buildConfigurations = (
				AA08A54E0864F13D002A08AC /* Development */,
				AA08A54F0864F13D002A08AC /* Deployment */,
				AA08A5500864F13D002A08AC /* Default */,
			);
			defaultConfigurationIsVisible = 0;
			defaultConfigurationName = Default;
		};
		AA08A5510864F13D002A08AC /* Build configuration list for PBXProject "PScope" */ = {
			isa = XCConfigurationList;
			buildConfigurations = (
				AA08A5520864F13D002A08AC /* Development */,
				AA08A5530864F13D002A08AC /* Deployment */,
				AA08A5540864F13D002A08AC /* Default */,
			);
			defaultConfigurationIsVisible = 0;
			defaultConfigurationName = Default;
		};
/* End XCConfigurationList section */
	};
	rootObject = 089C1669FE841209C02AAC07 /* Project object */;
}
